Microsoft Visual Studio Solution File, Format Version 12.00
# Visual Studio Version 17
VisualStudioVersion = 17.5.2.0
MinimumVisualStudioVersion = 10.0.40219.1
Project("{FAE04EC0-301F-11D3-BF4B-00C04F79EFBC}") = "dotNetRPG", "dotNetRPG.csproj", "{26138209-FDF2-41FD-BB3D-6E35D5D1D60C}"
EndProject
Global
	GlobalSection(SolutionConfigurationPlatforms) = preSolution
		Debug|Any CPU = Debug|Any CPU
		Release|Any CPU = Release|Any CPU
	EndGlobalSection
	GlobalSection(ProjectConfigurationPlatforms) = postSolution
		{26138209-FDF2-41FD-BB3D-6E35D5D1D60C}.Debug|Any CPU.ActiveCfg = Debug|Any CPU
		{26138209-FDF2-41FD-BB3D-6E35D5D1D60C}.Debug|Any CPU.Build.0 = Debug|Any CPU
		{26138209-FDF2-41FD-BB3D-6E35D5D1D60C}.Release|Any CPU.ActiveCfg = Release|Any CPU
		{26138209-FDF2-41FD-BB3D-6E35D5D1D60C}.Release|Any CPU.Build.0 = Release|Any CPU
	EndGlobalSection
	GlobalSection(SolutionProperties) = preSolution
		HideSolutionNode = FALSE
	EndGlobalSection
	GlobalSection(ExtensibilityGlobals) = postSolution
		SolutionGuid = {19F1EDD6-E9FB-4AC7-9B9D-2F0C147A71F0}
	EndGlobalSection
EndGlobal
